PODS:
  - MebBase (0.1.0):
    - MebBase/Base (= 0.1.0)
    - MebBase/Category (= 0.1.0)
    - MebBase/Utils (= 0.1.0)
  - MebBase/Base (0.1.0)
  - MebBase/Category (0.1.0)
  - MebBase/Utils (0.1.0)

DEPENDENCIES:
  - MebBase (from `../`)

EXTERNAL SOURCES:
  MebBase:
    :path: "../"

SPEC CHECKSUMS:
  MebBase: 4697b6d008608c7185c16a6760b4d1ef67264068

PODFILE CHECKSUM: 9495a22662c56fff8121cf4c1978b40d1dd59607

COCOAPODS: 1.6.1
