PODS:
  - MebBase (0.1.8):
    - MebBase/Base (= 0.1.8)
    - MebBase/Category (= 0.1.8)
    - MebBase/Utils (= 0.1.8)
  - MebBase/Base (0.1.8)
  - MebBase/Category (0.1.8)
  - MebBase/Utils (0.1.8)

DEPENDENCIES:
  - MebBase (from `../`)

EXTERNAL SOURCES:
  MebBase:
    :path: "../"

SPEC CHECKSUMS:
  MebBase: f1f4c78ee0d29477df36bf0661b93f2034d73ba2

PODFILE CHECKSUM: 9495a22662c56fff8121cf4c1978b40d1dd59607

COCOAPODS: 1.6.1
